
Microsoft Visual Studio Solution File, Format Version 12.00
# Visual Studio 15
VisualStudioVersion = 15.0.26730.12
MinimumVisualStudioVersion = 10.0.40219.1
Project("{888888A0-9F3D-457C-B088-3A5042F75D52}") = "ForexNNClass2", "ForexNNClass2\ForexNNClass2.pyproj", "{2A216D24-7414-4DC7-B082-F27AE8390426}"
EndProject
Global
	GlobalSection(SolutionConfigurationPlatforms) = preSolution
		Debug|Any CPU = Debug|Any CPU
		Release|Any CPU = Release|Any CPU
	EndGlobalSection
	GlobalSection(ProjectConfigurationPlatforms) = postSolution
		{2A216D24-7414-4DC7-B082-F27AE8390426}.Debug|Any CPU.ActiveCfg = Debug|Any CPU
		{2A216D24-7414-4DC7-B082-F27AE8390426}.Release|Any CPU.ActiveCfg = Release|Any CPU
	EndGlobalSection
	GlobalSection(SolutionProperties) = preSolution
		HideSolutionNode = FALSE
	EndGlobalSection
	GlobalSection(ExtensibilityGlobals) = postSolution
		SolutionGuid = {11DD5610-44B5-4C90-A978-7C5AA8B07B41}
	EndGlobalSection
EndGlobal
