
Microsoft Visual Studio Solution File, Format Version 12.00
# Visual Studio 14
VisualStudioVersion = 14.0.25420.1
MinimumVisualStudioVersion = 10.0.40219.1
Project("{8BC9CEB8-8B4A-11D0-8D11-00A0C91BC942}") = "ForexEval", "ForexEval\ForexEval.vcxproj", "{50BE041C-5C85-4604-A17F-D782C28A0B15}"
EndProject
Project("{8BC9CEB8-8B4A-11D0-8D11-00A0C91BC942}") = "Test", "Test\Test.vcxproj", "{2F9DA004-C5BB-4F79-8AA7-B002C960F7CE}"
EndProject
Project("{8BC9CEB8-8B4A-11D0-8D11-00A0C91BC942}") = "Test1", "Test1\Test1.vcxproj", "{638DE6F1-F00C-4E67-A51A-0A477E9596E4}"
EndProject
Project("{8BC9CEB8-8B4A-11D0-8D11-00A0C91BC942}") = "ForexEvalHL", "ForexEvalHL\ForexEvalHL.vcxproj", "{69737910-434F-4805-9EEE-4BC2223E261C}"
EndProject
Global
	GlobalSection(SolutionConfigurationPlatforms) = preSolution
		Debug|x64 = Debug|x64
		Debug|x86 = Debug|x86
		Release|x64 = Release|x64
		Release|x86 = Release|x86
	EndGlobalSection
	GlobalSection(ProjectConfigurationPlatforms) = postSolution
		{50BE041C-5C85-4604-A17F-D782C28A0B15}.Debug|x64.ActiveCfg = Debug|x64
		{50BE041C-5C85-4604-A17F-D782C28A0B15}.Debug|x64.Build.0 = Debug|x64
		{50BE041C-5C85-4604-A17F-D782C28A0B15}.Debug|x86.ActiveCfg = Debug|Win32
		{50BE041C-5C85-4604-A17F-D782C28A0B15}.Release|x64.ActiveCfg = Release|x64
		{50BE041C-5C85-4604-A17F-D782C28A0B15}.Release|x64.Build.0 = Release|x64
		{50BE041C-5C85-4604-A17F-D782C28A0B15}.Release|x86.ActiveCfg = Release|Win32
		{2F9DA004-C5BB-4F79-8AA7-B002C960F7CE}.Debug|x64.ActiveCfg = Debug|x64
		{2F9DA004-C5BB-4F79-8AA7-B002C960F7CE}.Debug|x64.Build.0 = Debug|x64
		{2F9DA004-C5BB-4F79-8AA7-B002C960F7CE}.Debug|x86.ActiveCfg = Debug|Win32
		{2F9DA004-C5BB-4F79-8AA7-B002C960F7CE}.Release|x64.ActiveCfg = Release|x64
		{2F9DA004-C5BB-4F79-8AA7-B002C960F7CE}.Release|x64.Build.0 = Release|x64
		{2F9DA004-C5BB-4F79-8AA7-B002C960F7CE}.Release|x86.ActiveCfg = Release|Win32
		{638DE6F1-F00C-4E67-A51A-0A477E9596E4}.Debug|x64.ActiveCfg = Debug|x64
		{638DE6F1-F00C-4E67-A51A-0A477E9596E4}.Debug|x64.Build.0 = Debug|x64
		{638DE6F1-F00C-4E67-A51A-0A477E9596E4}.Debug|x86.ActiveCfg = Debug|Win32
		{638DE6F1-F00C-4E67-A51A-0A477E9596E4}.Debug|x86.Build.0 = Debug|Win32
		{638DE6F1-F00C-4E67-A51A-0A477E9596E4}.Release|x64.ActiveCfg = Release|x64
		{638DE6F1-F00C-4E67-A51A-0A477E9596E4}.Release|x64.Build.0 = Release|x64
		{638DE6F1-F00C-4E67-A51A-0A477E9596E4}.Release|x86.ActiveCfg = Release|Win32
		{638DE6F1-F00C-4E67-A51A-0A477E9596E4}.Release|x86.Build.0 = Release|Win32
		{69737910-434F-4805-9EEE-4BC2223E261C}.Debug|x64.ActiveCfg = Debug|x64
		{69737910-434F-4805-9EEE-4BC2223E261C}.Debug|x64.Build.0 = Debug|x64
		{69737910-434F-4805-9EEE-4BC2223E261C}.Debug|x86.ActiveCfg = Debug|Win32
		{69737910-434F-4805-9EEE-4BC2223E261C}.Debug|x86.Build.0 = Debug|Win32
		{69737910-434F-4805-9EEE-4BC2223E261C}.Release|x64.ActiveCfg = Release|x64
		{69737910-434F-4805-9EEE-4BC2223E261C}.Release|x64.Build.0 = Release|x64
		{69737910-434F-4805-9EEE-4BC2223E261C}.Release|x86.ActiveCfg = Release|Win32
		{69737910-434F-4805-9EEE-4BC2223E261C}.Release|x86.Build.0 = Release|Win32
	EndGlobalSection
	GlobalSection(SolutionProperties) = preSolution
		HideSolutionNode = FALSE
	EndGlobalSection
EndGlobal
